{
  "requires": true,
  "lockfileVersion": 1,
  "dependencies": {
    "gitbook-plugin-hide-element": {
      "version": "0.0.4",
      "resolved": "https://registry.npmmirror.com/gitbook-plugin-hide-element/-/gitbook-plugin-hide-element-0.0.4.tgz",
      "integrity": "sha512-EHlhMdFAIWf73clRjT7lyuAA0qfP61K4CLzqzQYBzQJjdYlB5lVd4ymMWo+TIAXXei/WMdOTaJOUm4ThqS9vgA=="
    }
  }
}
